
Microsoft Visual Studio Solution File, Format Version 12.00
# Visual Studio Version 17
VisualStudioVersion = 17.11.35222.181
MinimumVisualStudioVersion = 10.0.40219.1
Project("{FAE04EC0-301F-11D3-BF4B-00C04F79EFBC}") = "UsersApi", "UsersApi.csproj", "{BB5CCC2E-29A3-4C32-8339-6F4CE1BB2427}"
EndProject
Global
	GlobalSection(SolutionConfigurationPlatforms) = preSolution
		Debug|Any CPU = Debug|Any CPU
		Release|Any CPU = Release|Any CPU
	EndGlobalSection
	GlobalSection(ProjectConfigurationPlatforms) = postSolution
		{BB5CCC2E-29A3-4C32-8339-6F4CE1BB2427}.Debug|Any CPU.ActiveCfg = Debug|Any CPU
		{BB5CCC2E-29A3-4C32-8339-6F4CE1BB2427}.Debug|Any CPU.Build.0 = Debug|Any CPU
		{BB5CCC2E-29A3-4C32-8339-6F4CE1BB2427}.Release|Any CPU.ActiveCfg = Release|Any CPU
		{BB5CCC2E-29A3-4C32-8339-6F4CE1BB2427}.Release|Any CPU.Build.0 = Release|Any CPU
	EndGlobalSection
	GlobalSection(SolutionProperties) = preSolution
		HideSolutionNode = FALSE
	EndGlobalSection
	GlobalSection(ExtensibilityGlobals) = postSolution
		SolutionGuid = {86BE7DFD-17E0-4798-A803-6E644B377094}
	EndGlobalSection
EndGlobal
